
Microsoft Visual Studio Solution File, Format Version 12.00
# Visual Studio Version 16
VisualStudioVersion = 16.0.30011.22
MinimumVisualStudioVersion = 10.0.40219.1
Project("{8BC9CEB8-8B4A-11D0-8D11-00A0C91BC942}") = "Tic Tac Toe", "Tic Tac Toe\Tic Tac Toe.vcxproj", "{DD500A5C-466A-4DD4-9389-953A41DC9FB8}"
EndProject
Global
	GlobalSection(SolutionConfigurationPlatforms) = preSolution
		Debug|x64 = Debug|x64
		Debug|x86 = Debug|x86
		Release|x64 = Release|x64
		Release|x86 = Release|x86
	EndGlobalSection
	GlobalSection(ProjectConfigurationPlatforms) = postSolution
		{DD500A5C-466A-4DD4-9389-953A41DC9FB8}.Debug|x64.ActiveCfg = Debug|x64
		{DD500A5C-466A-4DD4-9389-953A41DC9FB8}.Debug|x64.Build.0 = Debug|x64
		{DD500A5C-466A-4DD4-9389-953A41DC9FB8}.Debug|x86.ActiveCfg = Debug|Win32
		{DD500A5C-466A-4DD4-9389-953A41DC9FB8}.Debug|x86.Build.0 = Debug|Win32
		{DD500A5C-466A-4DD4-9389-953A41DC9FB8}.Release|x64.ActiveCfg = Release|x64
		{DD500A5C-466A-4DD4-9389-953A41DC9FB8}.Release|x64.Build.0 = Release|x64
		{DD500A5C-466A-4DD4-9389-953A41DC9FB8}.Release|x86.ActiveCfg = Release|Win32
		{DD500A5C-466A-4DD4-9389-953A41DC9FB8}.Release|x86.Build.0 = Release|Win32
	EndGlobalSection
	GlobalSection(SolutionProperties) = preSolution
		HideSolutionNode = FALSE
	EndGlobalSection
	GlobalSection(ExtensibilityGlobals) = postSolution
		SolutionGuid = {CC7D0EB8-5312-48DD-8667-0AC1F10AAFE6}
	EndGlobalSection
EndGlobal
